// !$*UTF8*$!
{
	archiveVersion = 1;
	classes = {
	};
	objectVersion = 50;
	objects = {

/* Begin PBXBuildFile section */
		411F16A922C16B2100CA59B4 /* Meal.swift in Sources */ = {isa = PBXBuildFile; fileRef = 411F16A822C16B2100CA59B4 /* Meal.swift */; };
		4154268C22B38C1100369646 /* RatingControl.swift in Sources */ = {isa = PBXBuildFile; fileRef = 4154268B22B38C1100369646 /* RatingControl.swift */; };
		41A1579D22A96B6D00421E88 /* AppDelegate.swift in Sources */ = {isa = PBXBuildFile; fileRef = 41A1579C22A96B6D00421E88 /* AppDelegate.swift */; };
		41A1579F22A96B6D00421E88 /* RecipeViewController.swift in Sources */ = {isa = PBXBuildFile; fileRef = 41A1579E22A96B6D00421E88 /* RecipeViewController.swift */; };
		41A157A222A96B6D00421E88 /* Main.storyboard in Resources */ = {isa = PBXBuildFile; fileRef = 41A157A022A96B6D00421E88 /* Main.storyboard */; };
		41A157A422A96B6F00421E88 /* Assets.xcassets in Resources */ = {isa = PBXBuildFile; fileRef = 41A157A322A96B6F00421E88 /* Assets.xcassets */; };
		41A157A722A96B6F00421E88 /* LaunchScreen.storyboard in Resources */ = {isa = PBXBuildFile; fileRef = 41A157A522A96B6F00421E88 /* LaunchScreen.storyboard */; };
		41A157B222A96B6F00421E88 /* RecipeSharerTests.swift in Sources */ = {isa = PBXBuildFile; fileRef = 41A157B122A96B6F00421E88 /* RecipeSharerTests.swift */; };
		41A157BD22A96B6F00421E88 /* RecipeSharerUITests.swift in Sources */ = {isa = PBXBuildFile; fileRef = 41A157BC22A96B6F00421E88 /* RecipeSharerUITests.swift */; };
		41D0DE6222D527B600186A4A /* MealTableViewCell.swift in Sources */ = {isa = PBXBuildFile; fileRef = 41D0DE6122D527B600186A4A /* MealTableViewCell.swift */; };
		41D0DE6422D52B6000186A4A /* MealTableViewController.swift in Sources */ = {isa = PBXBuildFile; fileRef = 41D0DE6322D52B6000186A4A /* MealTableViewController.swift */; };
/* End PBXBuildFile section */

/* Begin PBXContainerItemProxy section */
		41A157AE22A96B6F00421E88 /* PBXContainerItemProxy */ = {
			isa = PBXContainerItemProxy;
			containerPortal = 41A1579122A96B6D00421E88 /* Project object */;
			proxyType = 1;
			remoteGlobalIDString = 41A1579822A96B6D00421E88;
			remoteInfo = RecipeSharer;
		};
		41A157B922A96B6F00421E88 /* PBXContainerItemProxy */ = {
			isa = PBXContainerItemProxy;
			containerPortal = 41A1579122A96B6D00421E88 /* Project object */;
			proxyType = 1;
			remoteGlobalIDString = 41A1579822A96B6D00421E88;
			remoteInfo = RecipeSharer;
		};
/* End PBXContainerItemProxy section */

/* Begin PBXFileReference section */
		411F16A822C16B2100CA59B4 /* Meal.swift */ = {isa = PBXFileReference; lastKnownFileType = sourcecode.swift; path = Meal.swift; sourceTree = "<group>"; };
		4154268B22B38C1100369646 /* RatingControl.swift */ = {isa = PBXFileReference; lastKnownFileType = sourcecode.swift; path = RatingControl.swift; sourceTree = "<group>"; };
		41A1579922A96B6D00421E88 /* RecipeSharer.app */ = {isa = PBXFileReference; explicitFileType = wrapper.application; includeInIndex = 0; path = RecipeSharer.app; sourceTree = BUILT_PRODUCTS_DIR; };
		41A1579C22A96B6D00421E88 /* AppDelegate.swift */ = {isa = PBXFileReference; lastKnownFileType = sourcecode.swift; path = AppDelegate.swift; sourceTree = "<group>"; };
		41A1579E22A96B6D00421E88 /* RecipeViewController.swift */ = {isa = PBXFileReference; lastKnownFileType = sourcecode.swift; path = RecipeViewController.swift; sourceTree = "<group>"; };
		41A157A122A96B6D00421E88 /* Base */ = {isa = PBXFileReference; lastKnownFileType = file.storyboard; name = Base; path = Base.lproj/Main.storyboard; sourceTree = "<group>"; };
		41A157A322A96B6F00421E88 /* Assets.xcassets */ = {isa = PBXFileReference; lastKnownFileType = folder.assetcatalog; path = Assets.xcassets; sourceTree = "<group>"; };
		41A157A622A96B6F00421E88 /* Base */ = {isa = PBXFileReference; lastKnownFileType = file.storyboard; name = Base; path = Base.lproj/LaunchScreen.storyboard; sourceTree = "<group>"; };
		41A157A822A96B6F00421E88 /* Info.plist */ = {isa = PBXFileReference; lastKnownFileType = text.plist.xml; path = Info.plist; sourceTree = "<group>"; };
		41A157AD22A96B6F00421E88 /* RecipeSharerTests.xctest */ = {isa = PBXFileReference; explicitFileType = wrapper.cfbundle; includeInIndex = 0; path = RecipeSharerTests.xctest; sourceTree = BUILT_PRODUCTS_DIR; };
		41A157B122A96B6F00421E88 /* RecipeSharerTests.swift */ = {isa = PBXFileReference; lastKnownFileType = sourcecode.swift; path = RecipeSharerTests.swift; sourceTree = "<group>"; };
		41A157B322A96B6F00421E88 /* Info.plist */ = {isa = PBXFileReference; lastKnownFileType = text.plist.xml; path = Info.plist; sourceTree = "<group>"; };
		41A157B822A96B6F00421E88 /* RecipeSharerUITests.xctest */ = {isa = PBXFileReference; explicitFileType = wrapper.cfbundle; includeInIndex = 0; path = RecipeSharerUITests.xctest; sourceTree = BUILT_PRODUCTS_DIR; };
		41A157BC22A96B6F00421E88 /* RecipeSharerUITests.swift */ = {isa = PBXFileReference; lastKnownFileType = sourcecode.swift; path = RecipeSharerUITests.swift; sourceTree = "<group>"; };
		41A157BE22A96B6F00421E88 /* Info.plist */ = {isa = PBXFileReference; lastKnownFileType = text.plist.xml; path = Info.plist; sourceTree = "<group>"; };
		41D0DE6122D527B600186A4A /* MealTableViewCell.swift */ = {isa = PBXFileReference; lastKnownFileType = sourcecode.swift; path = MealTableViewCell.swift; sourceTree = "<group>"; };
		41D0DE6322D52B6000186A4A /* MealTableViewController.swift */ = {isa = PBXFileReference; lastKnownFileType = sourcecode.swift; path = MealTableViewController.swift; sourceTree = "<group>"; };
/* End PBXFileReference section */

/* Begin PBXFrameworksBuildPhase section */
		41A1579622A96B6D00421E88 /* Frameworks */ = {
			isa = PBXFrameworksBuildPhase;
			buildActionMask = 2147483647;
			files = (
			);
			runOnlyForDeploymentPostprocessing = 0;
		};
		41A157AA22A96B6F00421E88 /* Frameworks */ = {
			isa = PBXFrameworksBuildPhase;
			buildActionMask = 2147483647;
			files = (
			);
			runOnlyForDeploymentPostprocessing = 0;
		};
		41A157B522A96B6F00421E88 /* Frameworks */ = {
			isa = PBXFrameworksBuildPhase;
			buildActionMask = 2147483647;
			files = (
			);
			runOnlyForDeploymentPostprocessing = 0;
		};
/* End PBXFrameworksBuildPhase section */

/* Begin PBXGroup section */
		41A1579022A96B6D00421E88 = {
			isa = PBXGroup;
			children = (
				41A1579B22A96B6D00421E88 /* RecipeSharer */,
				41A157B022A96B6F00421E88 /* RecipeSharerTests */,
				41A157BB22A96B6F00421E88 /* RecipeSharerUITests */,
				41A1579A22A96B6D00421E88 /* Products */,
			);
			sourceTree = "<group>";
		};
		41A1579A22A96B6D00421E88 /* Products */ = {
			isa = PBXGroup;
			children = (
				41A1579922A96B6D00421E88 /* RecipeSharer.app */,
				41A157AD22A96B6F00421E88 /* RecipeSharerTests.xctest */,
				41A157B822A96B6F00421E88 /* RecipeSharerUITests.xctest */,
			);
			name = Products;
			sourceTree = "<group>";
		};
		41A1579B22A96B6D00421E88 /* RecipeSharer */ = {
			isa = PBXGroup;
			children = (
				41A1579C22A96B6D00421E88 /* AppDelegate.swift */,
				41A1579E22A96B6D00421E88 /* RecipeViewController.swift */,
				411F16A822C16B2100CA59B4 /* Meal.swift */,
				4154268B22B38C1100369646 /* RatingControl.swift */,
				41A157A022A96B6D00421E88 /* Main.storyboard */,
				41D0DE6322D52B6000186A4A /* MealTableViewController.swift */,
				41D0DE6122D527B600186A4A /* MealTableViewCell.swift */,
				41A157A322A96B6F00421E88 /* Assets.xcassets */,
				41A157A522A96B6F00421E88 /* LaunchScreen.storyboard */,
				41A157A822A96B6F00421E88 /* Info.plist */,
			);
			path = RecipeSharer;
			sourceTree = "<group>";
		};
		41A157B022A96B6F00421E88 /* RecipeSharerTests */ = {
			isa = PBXGroup;
			children = (
				41A157B122A96B6F00421E88 /* RecipeSharerTests.swift */,
				41A157B322A96B6F00421E88 /* Info.plist */,
			);
			path = RecipeSharerTests;
			sourceTree = "<group>";
		};
		41A157BB22A96B6F00421E88 /* RecipeSharerUITests */ = {
			isa = PBXGroup;
			children = (
				41A157BC22A96B6F00421E88 /* RecipeSharerUITests.swift */,
				41A157BE22A96B6F00421E88 /* Info.plist */,
			);
			path = RecipeSharerUITests;
			sourceTree = "<group>";
		};
/* End PBXGroup section */

/* Begin PBXNativeTarget section */
		41A1579822A96B6D00421E88 /* RecipeSharer */ = {
			isa = PBXNativeTarget;
			buildConfigurationList = 41A157C122A96B6F00421E88 /* Build configuration list for PBXNativeTarget "RecipeSharer" */;
			buildPhases = (
				41A1579522A96B6D00421E88 /* Sources */,
				41A1579622A96B6D00421E88 /* Frameworks */,
				41A1579722A96B6D00421E88 /* Resources */,
			);
			buildRules = (
			);
			dependencies = (
			);
			name = RecipeSharer;
			productName = RecipeSharer;
			productReference = 41A1579922A96B6D00421E88 /* RecipeSharer.app */;
			productType = "com.apple.product-type.application";
		};
		41A157AC22A96B6F00421E88 /* RecipeSharerTests */ = {
			isa = PBXNativeTarget;
			buildConfigurationList = 41A157C422A96B6F00421E88 /* Build configuration list for PBXNativeTarget "RecipeSharerTests" */;
			buildPhases = (
				41A157A922A96B6F00421E88 /* Sources */,
				41A157AA22A96B6F00421E88 /* Frameworks */,
				41A157AB22A96B6F00421E88 /* Resources */,
			);
			buildRules = (
			);
			dependencies = (
				41A157AF22A96B6F00421E88 /* PBXTargetDependency */,
			);
			name = RecipeSharerTests;
			productName = RecipeSharerTests;
			productReference = 41A157AD22A96B6F00421E88 /* RecipeSharerTests.xctest */;
			productType = "com.apple.product-type.bundle.unit-test";
		};
		41A157B722A96B6F00421E88 /* RecipeSharerUITests */ = {
			isa = PBXNativeTarget;
			buildConfigurationList = 41A157C722A96B6F00421E88 /* Build configuration list for PBXNativeTarget "RecipeSharerUITests" */;
			buildPhases = (
				41A157B422A96B6F00421E88 /* Sources */,
				41A157B522A96B6F00421E88 /* Frameworks */,
				41A157B622A96B6F00421E88 /* Resources */,
			);
			buildRules = (
			);
			dependencies = (
				41A157BA22A96B6F00421E88 /* PBXTargetDependency */,
			);
			name = RecipeSharerUITests;
			productName = RecipeSharerUITests;
			productReference = 41A157B822A96B6F00421E88 /* RecipeSharerUITests.xctest */;
			productType = "com.apple.product-type.bundle.ui-testing";
		};
/* End PBXNativeTarget section */

/* Begin PBXProject section */
		41A1579122A96B6D00421E88 /* Project object */ = {
			isa = PBXProject;
			attributes = {
				LastSwiftUpdateCheck = 1020;
				LastUpgradeCheck = 1020;
				ORGANIZATIONNAME = "Christiaan van Bemmel";
				TargetAttributes = {
					41A1579822A96B6D00421E88 = {
						CreatedOnToolsVersion = 10.2.1;
					};
					41A157AC22A96B6F00421E88 = {
						CreatedOnToolsVersion = 10.2.1;
						TestTargetID = 41A1579822A96B6D00421E88;
					};
					41A157B722A96B6F00421E88 = {
						CreatedOnToolsVersion = 10.2.1;
						TestTargetID = 41A1579822A96B6D00421E88;
					};
				};
			};
			buildConfigurationList = 41A1579422A96B6D00421E88 /* Build configuration list for PBXProject "RecipeSharer" */;
			compatibilityVersion = "Xcode 9.3";
			developmentRegion = en;
			hasScannedForEncodings = 0;
			knownRegions = (
				en,
				Base,
			);
			mainGroup = 41A1579022A96B6D00421E88;
			productRefGroup = 41A1579A22A96B6D00421E88 /* Products */;
			projectDirPath = "";
			projectRoot = "";
			targets = (
				41A1579822A96B6D00421E88 /* RecipeSharer */,
				41A157AC22A96B6F00421E88 /* RecipeSharerTests */,
				41A157B722A96B6F00421E88 /* RecipeSharerUITests */,
			);
		};
/* End PBXProject section */

/* Begin PBXResourcesBuildPhase section */
		41A1579722A96B6D00421E88 /* Resources */ = {
			isa = PBXResourcesBuildPhase;
			buildActionMask = 2147483647;
			files = (
				41A157A722A96B6F00421E88 /* LaunchScreen.storyboard in Resources */,
				41A157A422A96B6F00421E88 /* Assets.xcassets in Resources */,
				41A157A222A96B6D00421E88 /* Main.storyboard in Resources */,
			);
			runOnlyForDeploymentPostprocessing = 0;
		};
		41A157AB22A96B6F00421E88 /* Resources */ = {
			isa = PBXResourcesBuildPhase;
			buildActionMask = 2147483647;
			files = (
			);
			runOnlyForDeploymentPostprocessing = 0;
		};
		41A157B622A96B6F00421E88 /* Resources */ = {
			isa = PBXResourcesBuildPhase;
			buildActionMask = 2147483647;
			files = (
			);
			runOnlyForDeploymentPostprocessing = 0;
		};
/* End PBXResourcesBuildPhase section */

/* Begin PBXSourcesBuildPhase section */
		41A1579522A96B6D00421E88 /* Sources */ = {
			isa = PBXSourcesBuildPhase;
			buildActionMask = 2147483647;
			files = (
				411F16A922C16B2100CA59B4 /* Meal.swift in Sources */,
				41A1579F22A96B6D00421E88 /* RecipeViewController.swift in Sources */,
				4154268C22B38C1100369646 /* RatingControl.swift in Sources */,
				41A1579D22A96B6D00421E88 /* AppDelegate.swift in Sources */,
				41D0DE6422D52B6000186A4A /* MealTableViewController.swift in Sources */,
				41D0DE6222D527B600186A4A /* MealTableViewCell.swift in Sources */,
			);
			runOnlyForDeploymentPostprocessing = 0;
		};
		41A157A922A96B6F00421E88 /* Sources */ = {
			isa = PBXSourcesBuildPhase;
			buildActionMask = 2147483647;
			files = (
				41A157B222A96B6F00421E88 /* RecipeSharerTests.swift in Sources */,
			);
			runOnlyForDeploymentPostprocessing = 0;
		};
		41A157B422A96B6F00421E88 /* Sources */ = {
			isa = PBXSourcesBuildPhase;
			buildActionMask = 2147483647;
			files = (
				41A157BD22A96B6F00421E88 /* RecipeSharerUITests.swift in Sources */,
			);
			runOnlyForDeploymentPostprocessing = 0;
		};
/* End PBXSourcesBuildPhase section */

/* Begin PBXTargetDependency section */
		41A157AF22A96B6F00421E88 /* PBXTargetDependency */ = {
			isa = PBXTargetDependency;
			target = 41A1579822A96B6D00421E88 /* RecipeSharer */;
			targetProxy = 41A157AE22A96B6F00421E88 /* PBXContainerItemProxy */;
		};
		41A157BA22A96B6F00421E88 /* PBXTargetDependency */ = {
			isa = PBXTargetDependency;
			target = 41A1579822A96B6D00421E88 /* RecipeSharer */;
			targetProxy = 41A157B922A96B6F00421E88 /* PBXContainerItemProxy */;
		};
/* End PBXTargetDependency section */

/* Begin PBXVariantGroup section */
		41A157A022A96B6D00421E88 /* Main.storyboard */ = {
			isa = PBXVariantGroup;
			children = (
				41A157A122A96B6D00421E88 /* Base */,
			);
			name = Main.storyboard;
			sourceTree = "<group>";
		};
		41A157A522A96B6F00421E88 /* LaunchScreen.storyboard */ = {
			isa = PBXVariantGroup;
			children = (
				41A157A622A96B6F00421E88 /* Base */,
			);
			name = LaunchScreen.storyboard;
			sourceTree = "<group>";
		};
/* End PBXVariantGroup section */

/* Begin XCBuildConfiguration section */
		41A157BF22A96B6F00421E88 /* Debug */ = {
			isa = XCBuildConfiguration;
			buildSettings = {
				ALWAYS_SEARCH_USER_PATHS = NO;
				CLANG_ANALYZER_NONNULL = YES;
				CLANG_ANALYZER_NUMBER_OBJECT_CONVERSION = YES_AGGRESSIVE;
				CLANG_CXX_LANGUAGE_STANDARD = "gnu++14";
				CLANG_CXX_LIBRARY = "libc++";
				CLANG_ENABLE_MODULES = YES;
				CLANG_ENABLE_OBJC_ARC = YES;
				CLANG_ENABLE_OBJC_WEAK = YES;
				CLANG_WARN_BLOCK_CAPTURE_AUTORELEASING = YES;
				CLANG_WARN_BOOL_CONVERSION = YES;
				CLANG_WARN_COMMA = YES;
				CLANG_WARN_CONSTANT_CONVERSION = YES;
				CLANG_WARN_DEPRECATED_OBJC_IMPLEMENTATIONS = YES;
				CLANG_WARN_DIRECT_OBJC_ISA_USAGE = YES_ERROR;
				CLANG_WARN_DOCUMENTATION_COMMENTS = YES;
				CLANG_WARN_EMPTY_BODY = YES;
				CLANG_WARN_ENUM_CONVERSION = YES;
				CLANG_WARN_INFINITE_RECURSION = YES;
				CLANG_WARN_INT_CONVERSION = YES;
				CLANG_WARN_NON_LITERAL_NULL_CONVERSION = YES;
				CLANG_WARN_OBJC_IMPLICIT_RETAIN_SELF = YES;
				CLANG_WARN_OBJC_LITERAL_CONVERSION = YES;
				CLANG_WARN_OBJC_ROOT_CLASS = YES_ERROR;
				CLANG_WARN_RANGE_LOOP_ANALYSIS = YES;
				CLANG_WARN_STRICT_PROTOTYPES = YES;
				CLANG_WARN_SUSPICIOUS_MOVE = YES;
				CLANG_WARN_UNGUARDED_AVAILABILITY = YES_AGGRESSIVE;
				CLANG_WARN_UNREACHABLE_CODE = YES;
				CLANG_WARN__DUPLICATE_METHOD_MATCH = YES;
				CODE_SIGN_IDENTITY = "iPhone Developer";
				COPY_PHASE_STRIP = NO;
				DEBUG_INFORMATION_FORMAT = dwarf;
				ENABLE_STRICT_OBJC_MSGSEND = YES;
				ENABLE_TESTABILITY = YES;
				GCC_C_LANGUAGE_STANDARD = gnu11;
				GCC_DYNAMIC_NO_PIC = NO;
				GCC_NO_COMMON_BLOCKS = YES;
				GCC_OPTIMIZATION_LEVEL = 0;
				GCC_PREPROCESSOR_DEFINITIONS = (
					"DEBUG=1",
					"$(inherited)",
				);
				GCC_WARN_64_TO_32_BIT_CONVERSION = YES;
				GCC_WARN_ABOUT_RETURN_TYPE = YES_ERROR;
				GCC_WARN_UNDECLARED_SELECTOR = YES;
				GCC_WARN_UNINITIALIZED_AUTOS = YES_AGGRESSIVE;
				GCC_WARN_UNUSED_FUNCTION = YES;
				GCC_WARN_UNUSED_VARIABLE = YES;
				IPHONEOS_DEPLOYMENT_TARGET = 12.2;
				MTL_ENABLE_DEBUG_INFO = INCLUDE_SOURCE;
				MTL_FAST_MATH = YES;
				ONLY_ACTIVE_ARCH = YES;
				SDKROOT = iphoneos;
				SWIFT_ACTIVE_COMPILATION_CONDITIONS = DEBUG;
				SWIFT_OPTIMIZATION_LEVEL = "-Onone";
			};
			name = Debug;
		};
		41A157C022A96B6F00421E88 /* Release */ = {
			isa = XCBuildConfiguration;
			buildSettings = {
				ALWAYS_SEARCH_USER_PATHS = NO;
				CLANG_ANALYZER_NONNULL = YES;
				CLANG_ANALYZER_NUMBER_OBJECT_CONVERSION = YES_AGGRESSIVE;
				CLANG_CXX_LANGUAGE_STANDARD = "gnu++14";
				CLANG_CXX_LIBRARY = "libc++";
				CLANG_ENABLE_MODULES = YES;
				CLANG_ENABLE_OBJC_ARC = YES;
				CLANG_ENABLE_OBJC_WEAK = YES;
				CLANG_WARN_BLOCK_CAPTURE_AUTORELEASING = YES;
				CLANG_WARN_BOOL_CONVERSION = YES;
				CLANG_WARN_COMMA = YES;
				CLANG_WARN_CONSTANT_CONVERSION = YES;
				CLANG_WARN_DEPRECATED_OBJC_IMPLEMENTATIONS = YES;
				CLANG_WARN_DIRECT_OBJC_ISA_USAGE = YES_ERROR;
				CLANG_WARN_DOCUMENTATION_COMMENTS = YES;
				CLANG_WARN_EMPTY_BODY = YES;
				CLANG_WARN_ENUM_CONVERSION = YES;
				CLANG_WARN_INFINITE_RECURSION = YES;
				CLANG_WARN_INT_CONVERSION = YES;
				CLANG_WARN_NON_LITERAL_NULL_CONVERSION = YES;
				CLANG_WARN_OBJC_IMPLICIT_RETAIN_SELF = YES;
				CLANG_WARN_OBJC_LITERAL_CONVERSION = YES;
				CLANG_WARN_OBJC_ROOT_CLASS = YES_ERROR;
				CLANG_WARN_RANGE_LOOP_ANALYSIS = YES;
				CLANG_WARN_STRICT_PROTOTYPES = YES;
				CLANG_WARN_SUSPICIOUS_MOVE = YES;
				CLANG_WARN_UNGUARDED_AVAILABILITY = YES_AGGRESSIVE;
				CLANG_WARN_UNREACHABLE_CODE = YES;
				CLANG_WARN__DUPLICATE_METHOD_MATCH = YES;
				CODE_SIGN_IDENTITY = "iPhone Developer";
				COPY_PHASE_STRIP = NO;
				DEBUG_INFORMATION_FORMAT = "dwarf-with-dsym";
				ENABLE_NS_ASSERTIONS = NO;
				ENABLE_STRICT_OBJC_MSGSEND = YES;
				GCC_C_LANGUAGE_STANDARD = gnu11;
				GCC_NO_COMMON_BLOCKS = YES;
				GCC_WARN_64_TO_32_BIT_CONVERSION = YES;
				GCC_WARN_ABOUT_RETURN_TYPE = YES_ERROR;
				GCC_WARN_UNDECLARED_SELECTOR = YES;
				GCC_WARN_UNINITIALIZED_AUTOS = YES_AGGRESSIVE;
				GCC_WARN_UNUSED_FUNCTION = YES;
				GCC_WARN_UNUSED_VARIABLE = YES;
				IPHONEOS_DEPLOYMENT_TARGET = 12.2;
				MTL_ENABLE_DEBUG_INFO = NO;
				MTL_FAST_MATH = YES;
				SDKROOT = iphoneos;
				SWIFT_COMPILATION_MODE = wholemodule;
				SWIFT_OPTIMIZATION_LEVEL = "-O";
				VALIDATE_PRODUCT = YES;
			};
			name = Release;
		};
		41A157C222A96B6F00421E88 /* Debug */ = {
			isa = XCBuildConfiguration;
			buildSettings = {
				ASSETCATALOG_COMPILER_APPICON_NAME = AppIcon;
				CODE_SIGN_STYLE = Automatic;
				DEVELOPMENT_TEAM = 2V6V82697K;
				INFOPLIST_FILE = RecipeSharer/Info.plist;
				LD_RUNPATH_SEARCH_PATHS = (
					"$(inherited)",
					"@executable_path/Frameworks",
				);
				PRODUCT_BUNDLE_IDENTIFIER = thabemmz.RecipeSharer;
				PRODUCT_NAME = "$(TARGET_NAME)";
				SWIFT_VERSION = 5.0;
				TARGETED_DEVICE_FAMILY = "1,2";
			};
			name = Debug;
		};
		41A157C322A96B6F00421E88 /* Release */ = {
			isa = XCBuildConfiguration;
			buildSettings = {
				ASSETCATALOG_COMPILER_APPICON_NAME = AppIcon;
				CODE_SIGN_STYLE = Automatic;
				DEVELOPMENT_TEAM = 2V6V82697K;
				INFOPLIST_FILE = RecipeSharer/Info.plist;
				LD_RUNPATH_SEARCH_PATHS = (
					"$(inherited)",
					"@executable_path/Frameworks",
				);
				PRODUCT_BUNDLE_IDENTIFIER = thabemmz.RecipeSharer;
				PRODUCT_NAME = "$(TARGET_NAME)";
				SWIFT_VERSION = 5.0;
				TARGETED_DEVICE_FAMILY = "1,2";
			};
			name = Release;
		};
		41A157C522A96B6F00421E88 /* Debug */ = {
			isa = XCBuildConfiguration;
			buildSettings = {
				ALWAYS_EMBED_SWIFT_STANDARD_LIBRARIES = YES;
				BUNDLE_LOADER = "$(TEST_HOST)";
				CODE_SIGN_STYLE = Automatic;
				INFOPLIST_FILE = RecipeSharerTests/Info.plist;
				LD_RUNPATH_SEARCH_PATHS = (
					"$(inherited)",
					"@executable_path/Frameworks",
					"@loader_path/Frameworks",
				);
				PRODUCT_BUNDLE_IDENTIFIER = thabemmz.RecipeSharerTests;
				PRODUCT_NAME = "$(TARGET_NAME)";
				SWIFT_VERSION = 5.0;
				TARGETED_DEVICE_FAMILY = "1,2";
				TEST_HOST = "$(BUILT_PRODUCTS_DIR)/RecipeSharer.app/RecipeSharer";
			};
			name = Debug;
		};
		41A157C622A96B6F00421E88 /* Release */ = {
			isa = XCBuildConfiguration;
			buildSettings = {
				ALWAYS_EMBED_SWIFT_STANDARD_LIBRARIES = YES;
				BUNDLE_LOADER = "$(TEST_HOST)";
				CODE_SIGN_STYLE = Automatic;
				INFOPLIST_FILE = RecipeSharerTests/Info.plist;
				LD_RUNPATH_SEARCH_PATHS = (
					"$(inherited)",
					"@executable_path/Frameworks",
					"@loader_path/Frameworks",
				);
				PRODUCT_BUNDLE_IDENTIFIER = thabemmz.RecipeSharerTests;
				PRODUCT_NAME = "$(TARGET_NAME)";
				SWIFT_VERSION = 5.0;
				TARGETED_DEVICE_FAMILY = "1,2";
				TEST_HOST = "$(BUILT_PRODUCTS_DIR)/RecipeSharer.app/RecipeSharer";
			};
			name = Release;
		};
		41A157C822A96B6F00421E88 /* Debug */ = {
			isa = XCBuildConfiguration;
			buildSettings = {
				ALWAYS_EMBED_SWIFT_STANDARD_LIBRARIES = YES;
				CODE_SIGN_STYLE = Automatic;
				INFOPLIST_FILE = RecipeSharerUITests/Info.plist;
				LD_RUNPATH_SEARCH_PATHS = (
					"$(inherited)",
					"@executable_path/Frameworks",
					"@loader_path/Frameworks",
				);
				PRODUCT_BUNDLE_IDENTIFIER = thabemmz.RecipeSharerUITests;
				PRODUCT_NAME = "$(TARGET_NAME)";
				SWIFT_VERSION = 5.0;
				TARGETED_DEVICE_FAMILY = "1,2";
				TEST_TARGET_NAME = RecipeSharer;
			};
			name = Debug;
		};
		41A157C922A96B6F00421E88 /* Release */ = {
			isa = XCBuildConfiguration;
			buildSettings = {
				ALWAYS_EMBED_SWIFT_STANDARD_LIBRARIES = YES;
				CODE_SIGN_STYLE = Automatic;
				INFOPLIST_FILE = RecipeSharerUITests/Info.plist;
				LD_RUNPATH_SEARCH_PATHS = (
					"$(inherited)",
					"@executable_path/Frameworks",
					"@loader_path/Frameworks",
				);
				PRODUCT_BUNDLE_IDENTIFIER = thabemmz.RecipeSharerUITests;
				PRODUCT_NAME = "$(TARGET_NAME)";
				SWIFT_VERSION = 5.0;
				TARGETED_DEVICE_FAMILY = "1,2";
				TEST_TARGET_NAME = RecipeSharer;
			};
			name = Release;
		};
/* End XCBuildConfiguration section */

/* Begin XCConfigurationList section */
		41A1579422A96B6D00421E88 /* Build configuration list for PBXProject "RecipeSharer" */ = {
			isa = XCConfigurationList;
			buildConfigurations = (
				41A157BF22A96B6F00421E88 /* Debug */,
				41A157C022A96B6F00421E88 /* Release */,
			);
			defaultConfigurationIsVisible = 0;
			defaultConfigurationName = Release;
		};
		41A157C122A96B6F00421E88 /* Build configuration list for PBXNativeTarget "RecipeSharer" */ = {
			isa = XCConfigurationList;
			buildConfigurations = (
				41A157C222A96B6F00421E88 /* Debug */,
				41A157C322A96B6F00421E88 /* Release */,
			);
			defaultConfigurationIsVisible = 0;
			defaultConfigurationName = Release;
		};
		41A157C422A96B6F00421E88 /* Build configuration list for PBXNativeTarget "RecipeSharerTests" */ = {
			isa = XCConfigurationList;
			buildConfigurations = (
				41A157C522A96B6F00421E88 /* Debug */,
				41A157C622A96B6F00421E88 /* Release */,
			);
			defaultConfigurationIsVisible = 0;
			defaultConfigurationName = Release;
		};
		41A157C722A96B6F00421E88 /* Build configuration list for PBXNativeTarget "RecipeSharerUITests" */ = {
			isa = XCConfigurationList;
			buildConfigurations = (
				41A157C822A96B6F00421E88 /* Debug */,
				41A157C922A96B6F00421E88 /* Release */,
			);
			defaultConfigurationIsVisible = 0;
			defaultConfigurationName = Release;
		};
/* End XCConfigurationList section */
	};
	rootObject = 41A1579122A96B6D00421E88 /* Project object */;
}
